
Microsoft Visual Studio Solution File, Format Version 12.00
# Visual Studio Version 17
VisualStudioVersion = 17.14.36518.9
MinimumVisualStudioVersion = 10.0.40219.1
Project("{FAE04EC0-301F-11D3-BF4B-00C04F79EFBC}") = "ReservaAlmuerzos.Api", "ReservaAlmuerzos.Api\ReservaAlmuerzos.Api.csproj", "{BCC45800-C8C6-48AF-93C6-D71F6FA643CA}"
EndProject
Project("{FAE04EC0-301F-11D3-BF4B-00C04F79EFBC}") = "Almuerzos.Core", "Almuerzos.Core\Almuerzos.Core.csproj", "{D3C2E66C-92B5-461E-9637-3AF7ECF2E3CE}"
EndProject
Project("{FAE04EC0-301F-11D3-BF4B-00C04F79EFBC}") = "Almuerzos.Infrastructure", "Almuerzos.Infrastructure\Almuerzos.Infrastructure.csproj", "{79D7794A-AE1F-485E-895E-6D252293E092}"
EndProject
Global
	GlobalSection(SolutionConfigurationPlatforms) = preSolution
		Debug|Any CPU = Debug|Any CPU
		Release|Any CPU = Release|Any CPU
	EndGlobalSection
	GlobalSection(ProjectConfigurationPlatforms) = postSolution
		{BCC45800-C8C6-48AF-93C6-D71F6FA643CA}.Debug|Any CPU.ActiveCfg = Debug|Any CPU
		{BCC45800-C8C6-48AF-93C6-D71F6FA643CA}.Debug|Any CPU.Build.0 = Debug|Any CPU
		{BCC45800-C8C6-48AF-93C6-D71F6FA643CA}.Release|Any CPU.ActiveCfg = Release|Any CPU
		{BCC45800-C8C6-48AF-93C6-D71F6FA643CA}.Release|Any CPU.Build.0 = Release|Any CPU
		{D3C2E66C-92B5-461E-9637-3AF7ECF2E3CE}.Debug|Any CPU.ActiveCfg = Debug|Any CPU
		{D3C2E66C-92B5-461E-9637-3AF7ECF2E3CE}.Debug|Any CPU.Build.0 = Debug|Any CPU
		{D3C2E66C-92B5-461E-9637-3AF7ECF2E3CE}.Release|Any CPU.ActiveCfg = Release|Any CPU
		{D3C2E66C-92B5-461E-9637-3AF7ECF2E3CE}.Release|Any CPU.Build.0 = Release|Any CPU
		{79D7794A-AE1F-485E-895E-6D252293E092}.Debug|Any CPU.ActiveCfg = Debug|Any CPU
		{79D7794A-AE1F-485E-895E-6D252293E092}.Debug|Any CPU.Build.0 = Debug|Any CPU
		{79D7794A-AE1F-485E-895E-6D252293E092}.Release|Any CPU.ActiveCfg = Release|Any CPU
		{79D7794A-AE1F-485E-895E-6D252293E092}.Release|Any CPU.Build.0 = Release|Any CPU
	EndGlobalSection
	GlobalSection(SolutionProperties) = preSolution
		HideSolutionNode = FALSE
	EndGlobalSection
	GlobalSection(ExtensibilityGlobals) = postSolution
		SolutionGuid = {D9FFCA02-026E-4775-A8BC-63E6FE2301F1}
	EndGlobalSection
EndGlobal
